
Microsoft Visual Studio Solution File, Format Version 12.00
# Visual Studio Version 17
VisualStudioVersion = 17.0.32112.339
MinimumVisualStudioVersion = 10.0.40219.1
Project("{F184B08F-C81C-45F6-A57F-5ABD9991F28F}") = "Rough3", "Rough3.vbproj", "{1CBFB153-EFD6-44EA-A0AA-EAE34C05DC1D}"
EndProject
Global
	GlobalSection(SolutionConfigurationPlatforms) = preSolution
		Debug|Any CPU = Debug|Any CPU
		Release|Any CPU = Release|Any CPU
	EndGlobalSection
	GlobalSection(ProjectConfigurationPlatforms) = postSolution
		{1CBFB153-EFD6-44EA-A0AA-EAE34C05DC1D}.Debug|Any CPU.ActiveCfg = Debug|Any CPU
		{1CBFB153-EFD6-44EA-A0AA-EAE34C05DC1D}.Debug|Any CPU.Build.0 = Debug|Any CPU
		{1CBFB153-EFD6-44EA-A0AA-EAE34C05DC1D}.Release|Any CPU.ActiveCfg = Release|Any CPU
		{1CBFB153-EFD6-44EA-A0AA-EAE34C05DC1D}.Release|Any CPU.Build.0 = Release|Any CPU
	EndGlobalSection
	GlobalSection(SolutionProperties) = preSolution
		HideSolutionNode = FALSE
	EndGlobalSection
	GlobalSection(ExtensibilityGlobals) = postSolution
		SolutionGuid = {7483D530-1CE3-4698-AEAA-EB76D37FA83D}
	EndGlobalSection
EndGlobal
